
Microsoft Visual Studio Solution File, Format Version 12.00
# Visual Studio Version 17
VisualStudioVersion = 17.2.32602.215
MinimumVisualStudioVersion = 10.0.40219.1
Project("{FAE04EC0-301F-11D3-BF4B-00C04F79EFBC}") = "youtubedownloader", "youtubedownloader\youtubedownloader.csproj", "{B75518FC-1176-4B05-A27C-28AE76A6D55B}"
EndProject
Project("{54435603-DBB4-11D2-8724-00A0C9A8B90C}") = "youtubedownloadersetup", "youtubedownloadersetup\youtubedownloadersetup.vdproj", "{8C6C90BD-6F6C-4E74-B764-F8CDE7907865}"
EndProject
Global
	GlobalSection(SolutionConfigurationPlatforms) = preSolution
		Debug|Any CPU = Debug|Any CPU
		Release|Any CPU = Release|Any CPU
	EndGlobalSection
	GlobalSection(ProjectConfigurationPlatforms) = postSolution
		{B75518FC-1176-4B05-A27C-28AE76A6D55B}.Debug|Any CPU.ActiveCfg = Debug|Any CPU
		{B75518FC-1176-4B05-A27C-28AE76A6D55B}.Debug|Any CPU.Build.0 = Debug|Any CPU
		{B75518FC-1176-4B05-A27C-28AE76A6D55B}.Release|Any CPU.ActiveCfg = Release|Any CPU
		{B75518FC-1176-4B05-A27C-28AE76A6D55B}.Release|Any CPU.Build.0 = Release|Any CPU
		{8C6C90BD-6F6C-4E74-B764-F8CDE7907865}.Debug|Any CPU.ActiveCfg = Debug
		{8C6C90BD-6F6C-4E74-B764-F8CDE7907865}.Release|Any CPU.ActiveCfg = Release
	EndGlobalSection
	GlobalSection(SolutionProperties) = preSolution
		HideSolutionNode = FALSE
	EndGlobalSection
	GlobalSection(ExtensibilityGlobals) = postSolution
		SolutionGuid = {CC1C0D13-D6F8-4364-8B27-C34B4808E011}
	EndGlobalSection
EndGlobal
